
Microsoft Visual Studio Solution File, Format Version 12.00
# Visual Studio 15
VisualStudioVersion = 15.0.28307.329
MinimumVisualStudioVersion = 10.0.40219.1
Project("{FAE04EC0-301F-11D3-BF4B-00C04F79EFBC}") = "Console1", "Console1\Console1.csproj", "{775A4FD2-B807-4D4A-8FB8-CE4A9049E79E}"
EndProject
Global
	GlobalSection(SolutionConfigurationPlatforms) = preSolution
		Debug|Any CPU = Debug|Any CPU
		Release|Any CPU = Release|Any CPU
	EndGlobalSection
	GlobalSection(ProjectConfigurationPlatforms) = postSolution
		{775A4FD2-B807-4D4A-8FB8-CE4A9049E79E}.Debug|Any CPU.ActiveCfg = Debug|Any CPU
		{775A4FD2-B807-4D4A-8FB8-CE4A9049E79E}.Debug|Any CPU.Build.0 = Debug|Any CPU
		{775A4FD2-B807-4D4A-8FB8-CE4A9049E79E}.Release|Any CPU.ActiveCfg = Release|Any CPU
		{775A4FD2-B807-4D4A-8FB8-CE4A9049E79E}.Release|Any CPU.Build.0 = Release|Any CPU
	EndGlobalSection
	GlobalSection(SolutionProperties) = preSolution
		HideSolutionNode = FALSE
	EndGlobalSection
	GlobalSection(ExtensibilityGlobals) = postSolution
		SolutionGuid = {5483A364-8520-4F23-A756-72398BAFFAF7}
	EndGlobalSection
EndGlobal
